// !$*UTF8*$!
{
	archiveVersion = 1;
	classes = {
	};
	objectVersion = 46;
	objects = {

/* Begin PBXBuildFile section */
		2B4E02716C466C9C5D21AF62 /* Pods_ContentDTT.framework in Frameworks */ = {isa = PBXBuildFile; fileRef = B52EE7A706735023837B3B52 /* Pods_ContentDTT.framework */; };
		865FB1061F5D8373007D2A6E /* ViewController.swift in Sources */ = {isa = PBXBuildFile; fileRef = 865FB1051F5D8373007D2A6E /* ViewController.swift */; };
		865FB1081F5F0E58007D2A6E /* MenuViewController.swift in Sources */ = {isa = PBXBuildFile; fileRef = 865FB1071F5F0E58007D2A6E /* MenuViewController.swift */; };
		86A3BACB1F57542400ABF0A0 /* AppDelegate.swift in Sources */ = {isa = PBXBuildFile; fileRef = 86A3BACA1F57542400ABF0A0 /* AppDelegate.swift */; };
		86A3BAD01F57542400ABF0A0 /* Main.storyboard in Resources */ = {isa = PBXBuildFile; fileRef = 86A3BACE1F57542400ABF0A0 /* Main.storyboard */; };
		86A3BAD31F57542400ABF0A0 /* ContentDTT.xcdatamodeld in Sources */ = {isa = PBXBuildFile; fileRef = 86A3BAD11F57542400ABF0A0 /* ContentDTT.xcdatamodeld */; };
		86A3BAD51F57542400ABF0A0 /* Assets.xcassets in Resources */ = {isa = PBXBuildFile; fileRef = 86A3BAD41F57542400ABF0A0 /* Assets.xcassets */; };
		86A3BAD81F57542400ABF0A0 /* LaunchScreen.storyboard in Resources */ = {isa = PBXBuildFile; fileRef = 86A3BAD61F57542400ABF0A0 /* LaunchScreen.storyboard */; };
		86B302991F58AF49008F026F /* DocumentsViewController.swift in Sources */ = {isa = PBXBuildFile; fileRef = 86B302981F58AF49008F026F /* DocumentsViewController.swift */; };
		86B3029C1F58AF83008F026F /* LeadsViewController.swift in Sources */ = {isa = PBXBuildFile; fileRef = 86B3029B1F58AF83008F026F /* LeadsViewController.swift */; };
/* End PBXBuildFile section */

/* Begin PBXFileReference section */
		1E4C5BE474051FC03C402C55 /* Pods-ContentDTT.release.xcconfig */ = {isa = PBXFileReference; includeInIndex = 1; lastKnownFileType = text.xcconfig; name = "Pods-ContentDTT.release.xcconfig"; path = "Pods/Target Support Files/Pods-ContentDTT/Pods-ContentDTT.release.xcconfig"; sourceTree = "<group>"; };
		865FB1051F5D8373007D2A6E /* ViewController.swift */ = {isa = PBXFileReference; fileEncoding = 4; lastKnownFileType = sourcecode.swift; path = ViewController.swift; sourceTree = "<group>"; };
		865FB1071F5F0E58007D2A6E /* MenuViewController.swift */ = {isa = PBXFileReference; fileEncoding = 4; lastKnownFileType = sourcecode.swift; path = MenuViewController.swift; sourceTree = "<group>"; };
		86A3BAC71F57542400ABF0A0 /* ContentDTT.app */ = {isa = PBXFileReference; explicitFileType = wrapper.application; includeInIndex = 0; path = ContentDTT.app; sourceTree = BUILT_PRODUCTS_DIR; };
		86A3BACA1F57542400ABF0A0 /* AppDelegate.swift */ = {isa = PBXFileReference; lastKnownFileType = sourcecode.swift; path = AppDelegate.swift; sourceTree = "<group>"; };
		86A3BACF1F57542400ABF0A0 /* Base */ = {isa = PBXFileReference; lastKnownFileType = file.storyboard; name = Base; path = Base.lproj/Main.storyboard; sourceTree = "<group>"; };
		86A3BAD21F57542400ABF0A0 /* ContentDTT.xcdatamodel */ = {isa = PBXFileReference; lastKnownFileType = wrapper.xcdatamodel; path = ContentDTT.xcdatamodel; sourceTree = "<group>"; };
		86A3BAD41F57542400ABF0A0 /* Assets.xcassets */ = {isa = PBXFileReference; lastKnownFileType = folder.assetcatalog; path = Assets.xcassets; sourceTree = "<group>"; };
		86A3BAD71F57542400ABF0A0 /* Base */ = {isa = PBXFileReference; lastKnownFileType = file.storyboard; name = Base; path = Base.lproj/LaunchScreen.storyboard; sourceTree = "<group>"; };
		86A3BAD91F57542400ABF0A0 /* Info.plist */ = {isa = PBXFileReference; lastKnownFileType = text.plist.xml; path = Info.plist; sourceTree = "<group>"; };
		86B302981F58AF49008F026F /* DocumentsViewController.swift */ = {isa = PBXFileReference; fileEncoding = 4; lastKnownFileType = sourcecode.swift; path = DocumentsViewController.swift; sourceTree = "<group>"; };
		86B3029B1F58AF83008F026F /* LeadsViewController.swift */ = {isa = PBXFileReference; fileEncoding = 4; lastKnownFileType = sourcecode.swift; path = LeadsViewController.swift; sourceTree = "<group>"; };
		B52EE7A706735023837B3B52 /* Pods_ContentDTT.framework */ = {isa = PBXFileReference; explicitFileType = wrapper.framework; includeInIndex = 0; path = Pods_ContentDTT.framework; sourceTree = BUILT_PRODUCTS_DIR; };
		D11A314C89D69D05D3D2A216 /* Pods-ContentDTT.debug.xcconfig */ = {isa = PBXFileReference; includeInIndex = 1; lastKnownFileType = text.xcconfig; name = "Pods-ContentDTT.debug.xcconfig"; path = "Pods/Target Support Files/Pods-ContentDTT/Pods-ContentDTT.debug.xcconfig"; sourceTree = "<group>"; };
/* End PBXFileReference section */

/* Begin PBXFrameworksBuildPhase section */
		86A3BAC41F57542400ABF0A0 /* Frameworks */ = {
			isa = PBXFrameworksBuildPhase;
			buildActionMask = 2147483647;
			files = (
				2B4E02716C466C9C5D21AF62 /* Pods_ContentDTT.framework in Frameworks */,
			);
			runOnlyForDeploymentPostprocessing = 0;
		};
/* End PBXFrameworksBuildPhase section */

/* Begin PBXGroup section */
		00BD6E1B56E0A595EEA3D47D /* Pods */ = {
			isa = PBXGroup;
			children = (
				D11A314C89D69D05D3D2A216 /* Pods-ContentDTT.debug.xcconfig */,
				1E4C5BE474051FC03C402C55 /* Pods-ContentDTT.release.xcconfig */,
			);
			name = Pods;
			sourceTree = "<group>";
		};
		4C59F380173D491DDD0E7B24 /* Frameworks */ = {
			isa = PBXGroup;
			children = (
				B52EE7A706735023837B3B52 /* Pods_ContentDTT.framework */,
			);
			name = Frameworks;
			sourceTree = "<group>";
		};
		86A3BABE1F57542400ABF0A0 = {
			isa = PBXGroup;
			children = (
				86A3BAC91F57542400ABF0A0 /* ContentDTT */,
				86A3BAC81F57542400ABF0A0 /* Products */,
				00BD6E1B56E0A595EEA3D47D /* Pods */,
				4C59F380173D491DDD0E7B24 /* Frameworks */,
			);
			sourceTree = "<group>";
		};
		86A3BAC81F57542400ABF0A0 /* Products */ = {
			isa = PBXGroup;
			children = (
				86A3BAC71F57542400ABF0A0 /* ContentDTT.app */,
			);
			name = Products;
			sourceTree = "<group>";
		};
		86A3BAC91F57542400ABF0A0 /* ContentDTT */ = {
			isa = PBXGroup;
			children = (
				86B3029A1F58AF6E008F026F /* Home */,
				86B302941F58AF35008F026F /* Documents */,
				86B302951F58AF35008F026F /* Leads */,
				86A3BACA1F57542400ABF0A0 /* AppDelegate.swift */,
				86A3BACE1F57542400ABF0A0 /* Main.storyboard */,
				86A3BAD41F57542400ABF0A0 /* Assets.xcassets */,
				86A3BAD61F57542400ABF0A0 /* LaunchScreen.storyboard */,
				86A3BAD91F57542400ABF0A0 /* Info.plist */,
				86A3BAD11F57542400ABF0A0 /* ContentDTT.xcdatamodeld */,
			);
			path = ContentDTT;
			sourceTree = "<group>";
		};
		86B302941F58AF35008F026F /* Documents */ = {
			isa = PBXGroup;
			children = (
				86B302981F58AF49008F026F /* DocumentsViewController.swift */,
			);
			path = Documents;
			sourceTree = "<group>";
		};
		86B302951F58AF35008F026F /* Leads */ = {
			isa = PBXGroup;
			children = (
				86B3029B1F58AF83008F026F /* LeadsViewController.swift */,
			);
			path = Leads;
			sourceTree = "<group>";
		};
		86B3029A1F58AF6E008F026F /* Home */ = {
			isa = PBXGroup;
			children = (
				865FB1051F5D8373007D2A6E /* ViewController.swift */,
				865FB1071F5F0E58007D2A6E /* MenuViewController.swift */,
			);
			path = Home;
			sourceTree = "<group>";
		};
/* End PBXGroup section */

/* Begin PBXNativeTarget section */
		86A3BAC61F57542400ABF0A0 /* ContentDTT */ = {
			isa = PBXNativeTarget;
			buildConfigurationList = 86A3BADC1F57542400ABF0A0 /* Build configuration list for PBXNativeTarget "ContentDTT" */;
			buildPhases = (
				37DFA9A631118984F612D691 /* [CP] Check Pods Manifest.lock */,
				86A3BAC31F57542400ABF0A0 /* Sources */,
				86A3BAC41F57542400ABF0A0 /* Frameworks */,
				86A3BAC51F57542400ABF0A0 /* Resources */,
				97C7B745367F5BE2F019F052 /* [CP] Embed Pods Frameworks */,
				FCDB6B82869CE00D2142040D /* [CP] Copy Pods Resources */,
			);
			buildRules = (
			);
			dependencies = (
			);
			name = ContentDTT;
			productName = ContentDTT;
			productReference = 86A3BAC71F57542400ABF0A0 /* ContentDTT.app */;
			productType = "com.apple.product-type.application";
		};
/* End PBXNativeTarget section */

/* Begin PBXProject section */
		86A3BABF1F57542400ABF0A0 /* Project object */ = {
			isa = PBXProject;
			attributes = {
				LastSwiftUpdateCheck = 0830;
				LastUpgradeCheck = 0830;
				ORGANIZATIONNAME = darlandev;
				TargetAttributes = {
					86A3BAC61F57542400ABF0A0 = {
						CreatedOnToolsVersion = 8.3.2;
						DevelopmentTeam = DDE9FAS672;
						ProvisioningStyle = Automatic;
					};
				};
			};
			buildConfigurationList = 86A3BAC21F57542400ABF0A0 /* Build configuration list for PBXProject "ContentDTT" */;
			compatibilityVersion = "Xcode 3.2";
			developmentRegion = English;
			hasScannedForEncodings = 0;
			knownRegions = (
				en,
				Base,
			);
			mainGroup = 86A3BABE1F57542400ABF0A0;
			productRefGroup = 86A3BAC81F57542400ABF0A0 /* Products */;
			projectDirPath = "";
			projectRoot = "";
			targets = (
				86A3BAC61F57542400ABF0A0 /* ContentDTT */,
			);
		};
/* End PBXProject section */

/* Begin PBXResourcesBuildPhase section */
		86A3BAC51F57542400ABF0A0 /* Resources */ = {
			isa = PBXResourcesBuildPhase;
			buildActionMask = 2147483647;
			files = (
				86A3BAD81F57542400ABF0A0 /* LaunchScreen.storyboard in Resources */,
				86A3BAD51F57542400ABF0A0 /* Assets.xcassets in Resources */,
				86A3BAD01F57542400ABF0A0 /* Main.storyboard in Resources */,
			);
			runOnlyForDeploymentPostprocessing = 0;
		};
/* End PBXResourcesBuildPhase section */

/* Begin PBXShellScriptBuildPhase section */
		37DFA9A631118984F612D691 /* [CP] Check Pods Manifest.lock */ = {
			isa = PBXShellScriptBuildPhase;
			buildActionMask = 2147483647;
			files = (
			);
			inputPaths = (
			);
			name = "[CP] Check Pods Manifest.lock";
			outputPaths = (
			);
			runOnlyForDeploymentPostprocessing = 0;
			shellPath = /bin/sh;
			shellScript = "diff \"${PODS_PODFILE_DIR_PATH}/Podfile.lock\" \"${PODS_ROOT}/Manifest.lock\" > /dev/null\nif [ $? != 0 ] ; then\n    # print error to STDERR\n    echo \"error: The sandbox is not in sync with the Podfile.lock. Run 'pod install' or update your CocoaPods installation.\" >&2\n    exit 1\nfi\n";
			showEnvVarsInLog = 0;
		};
		97C7B745367F5BE2F019F052 /* [CP] Embed Pods Frameworks */ = {
			isa = PBXShellScriptBuildPhase;
			buildActionMask = 2147483647;
			files = (
			);
			inputPaths = (
			);
			name = "[CP] Embed Pods Frameworks";
			outputPaths = (
			);
			runOnlyForDeploymentPostprocessing = 0;
			shellPath = /bin/sh;
			shellScript = "\"${SRCROOT}/Pods/Target Support Files/Pods-ContentDTT/Pods-ContentDTT-frameworks.sh\"\n";
			showEnvVarsInLog = 0;
		};
		FCDB6B82869CE00D2142040D /* [CP] Copy Pods Resources */ = {
			isa = PBXShellScriptBuildPhase;
			buildActionMask = 2147483647;
			files = (
			);
			inputPaths = (
			);
			name = "[CP] Copy Pods Resources";
			outputPaths = (
			);
			runOnlyForDeploymentPostprocessing = 0;
			shellPath = /bin/sh;
			shellScript = "\"${SRCROOT}/Pods/Target Support Files/Pods-ContentDTT/Pods-ContentDTT-resources.sh\"\n";
			showEnvVarsInLog = 0;
		};
/* End PBXShellScriptBuildPhase section */

/* Begin PBXSourcesBuildPhase section */
		86A3BAC31F57542400ABF0A0 /* Sources */ = {
			isa = PBXSourcesBuildPhase;
			buildActionMask = 2147483647;
			files = (
				865FB1061F5D8373007D2A6E /* ViewController.swift in Sources */,
				865FB1081F5F0E58007D2A6E /* MenuViewController.swift in Sources */,
				86A3BAD31F57542400ABF0A0 /* ContentDTT.xcdatamodeld in Sources */,
				86B302991F58AF49008F026F /* DocumentsViewController.swift in Sources */,
				86B3029C1F58AF83008F026F /* LeadsViewController.swift in Sources */,
				86A3BACB1F57542400ABF0A0 /* AppDelegate.swift in Sources */,
			);
			runOnlyForDeploymentPostprocessing = 0;
		};
/* End PBXSourcesBuildPhase section */

/* Begin PBXVariantGroup section */
		86A3BACE1F57542400ABF0A0 /* Main.storyboard */ = {
			isa = PBXVariantGroup;
			children = (
				86A3BACF1F57542400ABF0A0 /* Base */,
			);
			name = Main.storyboard;
			sourceTree = "<group>";
		};
		86A3BAD61F57542400ABF0A0 /* LaunchScreen.storyboard */ = {
			isa = PBXVariantGroup;
			children = (
				86A3BAD71F57542400ABF0A0 /* Base */,
			);
			name = LaunchScreen.storyboard;
			sourceTree = "<group>";
		};
/* End PBXVariantGroup section */

/* Begin XCBuildConfiguration section */
		86A3BADA1F57542400ABF0A0 /* Debug */ = {
			isa = XCBuildConfiguration;
			buildSettings = {
				ALWAYS_SEARCH_USER_PATHS = NO;
				CLANG_ANALYZER_NONNULL = YES;
				CLANG_ANALYZER_NUMBER_OBJECT_CONVERSION = YES_AGGRESSIVE;
				CLANG_CXX_LANGUAGE_STANDARD = "gnu++0x";
				CLANG_CXX_LIBRARY = "libc++";
				CLANG_ENABLE_MODULES = YES;
				CLANG_ENABLE_OBJC_ARC = YES;
				CLANG_WARN_BOOL_CONVERSION = YES;
				CLANG_WARN_CONSTANT_CONVERSION = YES;
				CLANG_WARN_DIRECT_OBJC_ISA_USAGE = YES_ERROR;
				CLANG_WARN_DOCUMENTATION_COMMENTS = YES;
				CLANG_WARN_EMPTY_BODY = YES;
				CLANG_WARN_ENUM_CONVERSION = YES;
				CLANG_WARN_INFINITE_RECURSION = YES;
				CLANG_WARN_INT_CONVERSION = YES;
				CLANG_WARN_OBJC_ROOT_CLASS = YES_ERROR;
				CLANG_WARN_SUSPICIOUS_MOVE = YES;
				CLANG_WARN_UNREACHABLE_CODE = YES;
				CLANG_WARN__DUPLICATE_METHOD_MATCH = YES;
				"CODE_SIGN_IDENTITY[sdk=iphoneos*]" = "iPhone Developer";
				COPY_PHASE_STRIP = NO;
				DEBUG_INFORMATION_FORMAT = dwarf;
				ENABLE_BITCODE = NO;
				ENABLE_STRICT_OBJC_MSGSEND = YES;
				ENABLE_TESTABILITY = YES;
				GCC_C_LANGUAGE_STANDARD = gnu99;
				GCC_DYNAMIC_NO_PIC = NO;
				GCC_NO_COMMON_BLOCKS = YES;
				GCC_OPTIMIZATION_LEVEL = 0;
				GCC_PREPROCESSOR_DEFINITIONS = (
					"DEBUG=1",
					"$(inherited)",
				);
				GCC_WARN_64_TO_32_BIT_CONVERSION = YES;
				GCC_WARN_ABOUT_RETURN_TYPE = YES_ERROR;
				GCC_WARN_UNDECLARED_SELECTOR = YES;
				GCC_WARN_UNINITIALIZED_AUTOS = YES_AGGRESSIVE;
				GCC_WARN_UNUSED_FUNCTION = YES;
				GCC_WARN_UNUSED_VARIABLE = YES;
				IPHONEOS_DEPLOYMENT_TARGET = 10.3;
				MTL_ENABLE_DEBUG_INFO = YES;
				ONLY_ACTIVE_ARCH = YES;
				SDKROOT = iphoneos;
				SWIFT_ACTIVE_COMPILATION_CONDITIONS = DEBUG;
				SWIFT_OPTIMIZATION_LEVEL = "-Onone";
				TARGETED_DEVICE_FAMILY = "1,2";
			};
			name = Debug;
		};
		86A3BADB1F57542400ABF0A0 /* Release */ = {
			isa = XCBuildConfiguration;
			buildSettings = {
				ALWAYS_SEARCH_USER_PATHS = NO;
				CLANG_ANALYZER_NONNULL = YES;
				CLANG_ANALYZER_NUMBER_OBJECT_CONVERSION = YES_AGGRESSIVE;
				CLANG_CXX_LANGUAGE_STANDARD = "gnu++0x";
				CLANG_CXX_LIBRARY = "libc++";
				CLANG_ENABLE_MODULES = YES;
				CLANG_ENABLE_OBJC_ARC = YES;
				CLANG_WARN_BOOL_CONVERSION = YES;
				CLANG_WARN_CONSTANT_CONVERSION = YES;
				CLANG_WARN_DIRECT_OBJC_ISA_USAGE = YES_ERROR;
				CLANG_WARN_DOCUMENTATION_COMMENTS = YES;
				CLANG_WARN_EMPTY_BODY = YES;
				CLANG_WARN_ENUM_CONVERSION = YES;
				CLANG_WARN_INFINITE_RECURSION = YES;
				CLANG_WARN_INT_CONVERSION = YES;
				CLANG_WARN_OBJC_ROOT_CLASS = YES_ERROR;
				CLANG_WARN_SUSPICIOUS_MOVE = YES;
				CLANG_WARN_UNREACHABLE_CODE = YES;
				CLANG_WARN__DUPLICATE_METHOD_MATCH = YES;
				"CODE_SIGN_IDENTITY[sdk=iphoneos*]" = "iPhone Developer";
				COPY_PHASE_STRIP = NO;
				DEBUG_INFORMATION_FORMAT = "dwarf-with-dsym";
				ENABLE_BITCODE = NO;
				ENABLE_NS_ASSERTIONS = NO;
				ENABLE_STRICT_OBJC_MSGSEND = YES;
				GCC_C_LANGUAGE_STANDARD = gnu99;
				GCC_NO_COMMON_BLOCKS = YES;
				GCC_WARN_64_TO_32_BIT_CONVERSION = YES;
				GCC_WARN_ABOUT_RETURN_TYPE = YES_ERROR;
				GCC_WARN_UNDECLARED_SELECTOR = YES;
				GCC_WARN_UNINITIALIZED_AUTOS = YES_AGGRESSIVE;
				GCC_WARN_UNUSED_FUNCTION = YES;
				GCC_WARN_UNUSED_VARIABLE = YES;
				IPHONEOS_DEPLOYMENT_TARGET = 10.3;
				MTL_ENABLE_DEBUG_INFO = NO;
				SDKROOT = iphoneos;
				SWIFT_OPTIMIZATION_LEVEL = "-Owholemodule";
				TARGETED_DEVICE_FAMILY = "1,2";
				VALIDATE_PRODUCT = YES;
			};
			name = Release;
		};
		86A3BADD1F57542400ABF0A0 /* Debug */ = {
			isa = XCBuildConfiguration;
			baseConfigurationReference = D11A314C89D69D05D3D2A216 /* Pods-ContentDTT.debug.xcconfig */;
			buildSettings = {
				ASSETCATALOG_COMPILER_APPICON_NAME = AppIcon;
				DEVELOPMENT_TEAM = DDE9FAS672;
				ENABLE_BITCODE = NO;
				INFOPLIST_FILE = ContentDTT/Info.plist;
				LD_RUNPATH_SEARCH_PATHS = "$(inherited) @executable_path/Frameworks";
				PRODUCT_BUNDLE_IDENTIFIER = br.com.darlandev.ContentDTT;
				PRODUCT_NAME = "$(TARGET_NAME)";
				SWIFT_VERSION = 3.0;
			};
			name = Debug;
		};
		86A3BADE1F57542400ABF0A0 /* Release */ = {
			isa = XCBuildConfiguration;
			baseConfigurationReference = 1E4C5BE474051FC03C402C55 /* Pods-ContentDTT.release.xcconfig */;
			buildSettings = {
				ASSETCATALOG_COMPILER_APPICON_NAME = AppIcon;
				DEVELOPMENT_TEAM = DDE9FAS672;
				ENABLE_BITCODE = NO;
				INFOPLIST_FILE = ContentDTT/Info.plist;
				LD_RUNPATH_SEARCH_PATHS = "$(inherited) @executable_path/Frameworks";
				PRODUCT_BUNDLE_IDENTIFIER = br.com.darlandev.ContentDTT;
				PRODUCT_NAME = "$(TARGET_NAME)";
				SWIFT_VERSION = 3.0;
			};
			name = Release;
		};
/* End XCBuildConfiguration section */

/* Begin XCConfigurationList section */
		86A3BAC21F57542400ABF0A0 /* Build configuration list for PBXProject "ContentDTT" */ = {
			isa = XCConfigurationList;
			buildConfigurations = (
				86A3BADA1F57542400ABF0A0 /* Debug */,
				86A3BADB1F57542400ABF0A0 /* Release */,
			);
			defaultConfigurationIsVisible = 0;
			defaultConfigurationName = Release;
		};
		86A3BADC1F57542400ABF0A0 /* Build configuration list for PBXNativeTarget "ContentDTT" */ = {
			isa = XCConfigurationList;
			buildConfigurations = (
				86A3BADD1F57542400ABF0A0 /* Debug */,
				86A3BADE1F57542400ABF0A0 /* Release */,
			);
			defaultConfigurationIsVisible = 0;
			defaultConfigurationName = Release;
		};
/* End XCConfigurationList section */

/* Begin XCVersionGroup section */
		86A3BAD11F57542400ABF0A0 /* ContentDTT.xcdatamodeld */ = {
			isa = XCVersionGroup;
			children = (
				86A3BAD21F57542400ABF0A0 /* ContentDTT.xcdatamodel */,
			);
			currentVersion = 86A3BAD21F57542400ABF0A0 /* ContentDTT.xcdatamodel */;
			path = ContentDTT.xcdatamodeld;
			sourceTree = "<group>";
			versionGroupType = wrapper.xcdatamodel;
		};
/* End XCVersionGroup section */
	};
	rootObject = 86A3BABF1F57542400ABF0A0 /* Project object */;
}
