// !$*UTF8*$!
{
	archiveVersion = 1;
	classes = {
	};
	objectVersion = 46;
	objects = {

/* Begin PBXBuildFile section */
		2B4E02716C466C9C5D21AF62 /* Pods_ContentDTT.framework in Frameworks */ = {isa = PBXBuildFile; fileRef = B52EE7A706735023837B3B52 /* Pods_ContentDTT.framework */; };
		865FB1061F5D8373007D2A6E /* ViewController.swift in Sources */ = {isa = PBXBuildFile; fileRef = 865FB1051F5D8373007D2A6E /* ViewController.swift */; };
		865FB1081F5F0E58007D2A6E /* MenuViewController.swift in Sources */ = {isa = PBXBuildFile; fileRef = 865FB1071F5F0E58007D2A6E /* MenuViewController.swift */; };
		865FB1101F62DB4E007D2A6E /* NewLeadViewController.swift in Sources */ = {isa = PBXBuildFile; fileRef = 865FB10F1F62DB4E007D2A6E /* NewLeadViewController.swift */; };
		865FB1131F62F6DC007D2A6E /* Extensions.swift in Sources */ = {isa = PBXBuildFile; fileRef = 865FB1121F62F6DC007D2A6E /* Extensions.swift */; };
		865FB1151F62F74F007D2A6E /* LeadData.swift in Sources */ = {isa = PBXBuildFile; fileRef = 865FB1141F62F74F007D2A6E /* LeadData.swift */; };
		865FB1171F62F8F9007D2A6E /* CoreDataStack.swift in Sources */ = {isa = PBXBuildFile; fileRef = 865FB1161F62F8F9007D2A6E /* CoreDataStack.swift */; };
		865FB1191F65946F007D2A6E /* CellCategory.swift in Sources */ = {isa = PBXBuildFile; fileRef = 865FB1181F65946F007D2A6E /* CellCategory.swift */; };
		865FB11B1F6597EF007D2A6E /* CellContact.swift in Sources */ = {isa = PBXBuildFile; fileRef = 865FB11A1F6597EF007D2A6E /* CellContact.swift */; };
		865FB11D1F66C413007D2A6E /* Assets.xcassets in Resources */ = {isa = PBXBuildFile; fileRef = 865FB11C1F66C413007D2A6E /* Assets.xcassets */; };
		865FB1261F66C9CF007D2A6E /* sap_add.svg in Resources */ = {isa = PBXBuildFile; fileRef = 865FB11F1F66C9CF007D2A6E /* sap_add.svg */; };
		865FB1271F66C9CF007D2A6E /* sap_contacts.svg in Resources */ = {isa = PBXBuildFile; fileRef = 865FB1201F66C9CF007D2A6E /* sap_contacts.svg */; };
		865FB1281F66C9CF007D2A6E /* sap_doc.svg in Resources */ = {isa = PBXBuildFile; fileRef = 865FB1211F66C9CF007D2A6E /* sap_doc.svg */; };
		865FB1291F66C9CF007D2A6E /* sap_documentos.svg in Resources */ = {isa = PBXBuildFile; fileRef = 865FB1221F66C9CF007D2A6E /* sap_documentos.svg */; };
		865FB12A1F66C9CF007D2A6E /* sap_ppt.svg in Resources */ = {isa = PBXBuildFile; fileRef = 865FB1231F66C9CF007D2A6E /* sap_ppt.svg */; };
		865FB12B1F66C9CF007D2A6E /* sap_scan.svg in Resources */ = {isa = PBXBuildFile; fileRef = 865FB1241F66C9CF007D2A6E /* sap_scan.svg */; };
		865FB12C1F66C9CF007D2A6E /* sap_video.svg in Resources */ = {isa = PBXBuildFile; fileRef = 865FB1251F66C9CF007D2A6E /* sap_video.svg */; };
		865FB1741F66EF5C007D2A6E /* Deloitte - CIO Program_1.avi in Resources */ = {isa = PBXBuildFile; fileRef = 865FB15C1F66EF5C007D2A6E /* Deloitte - CIO Program_1.avi */; };
		865FB1751F66EF5C007D2A6E /* Deloitte Digital - part business, part creative, part technology.mp4 in Resources */ = {isa = PBXBuildFile; fileRef = 865FB15D1F66EF5C007D2A6E /* Deloitte Digital - part business, part creative, part technology.mp4 */; };
		865FB1761F66EF5C007D2A6E /* Deloitte Digitization - Tuned for the digital era af.mp4 in Resources */ = {isa = PBXBuildFile; fileRef = 865FB15E1F66EF5C007D2A6E /* Deloitte Digitization - Tuned for the digital era af.mp4 */; };
		865FB1771F66EF5C007D2A6E /* Deloitte_Big Bang_FINAL - legendado.mp4 in Resources */ = {isa = PBXBuildFile; fileRef = 865FB15F1F66EF5C007D2A6E /* Deloitte_Big Bang_FINAL - legendado.mp4 */; };
		865FB1781F66EF5C007D2A6E /* Digital Disruption - Short fuse, big bang.mp4 in Resources */ = {isa = PBXBuildFile; fileRef = 865FB1601F66EF5C007D2A6E /* Digital Disruption - Short fuse, big bang.mp4 */; };
		865FB1791F66EF5C007D2A6E /* Hackathon Deloitte 2017.mp4 in Resources */ = {isa = PBXBuildFile; fileRef = 865FB1611F66EF5C007D2A6E /* Hackathon Deloitte 2017.mp4 */; };
		865FB17A1F66EF5C007D2A6E /* Thumbs.db in Resources */ = {isa = PBXBuildFile; fileRef = 865FB1621F66EF5C007D2A6E /* Thumbs.db */; };
		865FB17B1F66EF5C007D2A6E /* Apresentaá∆o_SAP_FORUM_2017_HanaLive v8.pptx in Resources */ = {isa = PBXBuildFile; fileRef = 865FB1641F66EF5C007D2A6E /* Apresentaá∆o_SAP_FORUM_2017_HanaLive v8.pptx */; };
		865FB17C1F66EF5C007D2A6E /* Hana_Live_Presentation.pptx in Resources */ = {isa = PBXBuildFile; fileRef = 865FB1651F66EF5C007D2A6E /* Hana_Live_Presentation.pptx */; };
		865FB17D1F66EF5C007D2A6E /* 4195946 SAP Hana Marking Video_6.mp4 in Resources */ = {isa = PBXBuildFile; fileRef = 865FB1671F66EF5C007D2A6E /* 4195946 SAP Hana Marking Video_6.mp4 */; };
		865FB17E1F66EF5C007D2A6E /* Deloitte S4HANA Approach Deck_C.pptx in Resources */ = {isa = PBXBuildFile; fileRef = 865FB1681F66EF5C007D2A6E /* Deloitte S4HANA Approach Deck_C.pptx */; };
		865FB17F1F66EF5C007D2A6E /* Platform Moderenization_21082017_v3.pptx in Resources */ = {isa = PBXBuildFile; fileRef = 865FB1691F66EF5C007D2A6E /* Platform Moderenization_21082017_v3.pptx */; };
		865FB1801F66EF5C007D2A6E /* SAP Proposal Timesaver Aug 2017 v01.pptx in Resources */ = {isa = PBXBuildFile; fileRef = 865FB16A1F66EF5C007D2A6E /* SAP Proposal Timesaver Aug 2017 v01.pptx */; };
		865FB1811F66EF5C007D2A6E /* SAP S4HANA Placemat_Aug2017 v1.pptx in Resources */ = {isa = PBXBuildFile; fileRef = 865FB16B1F66EF5C007D2A6E /* SAP S4HANA Placemat_Aug2017 v1.pptx */; };
		865FB1821F66EF5C007D2A6E /* The Successor to Today's ERP.pdf in Resources */ = {isa = PBXBuildFile; fileRef = 865FB16C1F66EF5C007D2A6E /* The Successor to Today's ERP.pdf */; };
		865FB1831F66EF5C007D2A6E /* Thumbs.db in Resources */ = {isa = PBXBuildFile; fileRef = 865FB16D1F66EF5C007D2A6E /* Thumbs.db */; };
		865FB1841F66EF5C007D2A6E /* Deloitte Brazil Supply Chain Presentation NOV2016.pptx in Resources */ = {isa = PBXBuildFile; fileRef = 865FB1701F66EF5C007D2A6E /* Deloitte Brazil Supply Chain Presentation NOV2016.pptx */; };
		865FB1851F66EF5C007D2A6E /* Supply Chain Solutions - Deloitte.pptx in Resources */ = {isa = PBXBuildFile; fileRef = 865FB1711F66EF5C007D2A6E /* Supply Chain Solutions - Deloitte.pptx */; };
		865FB1861F66EF5C007D2A6E /* DUP_TechTrends2017.pdf in Resources */ = {isa = PBXBuildFile; fileRef = 865FB1731F66EF5C007D2A6E /* DUP_TechTrends2017.pdf */; };
		865FB1881F66F573007D2A6E /* DocumentsDetailViewController.swift in Sources */ = {isa = PBXBuildFile; fileRef = 865FB1871F66F573007D2A6E /* DocumentsDetailViewController.swift */; };
		865FB18A1F672EFC007D2A6E /* Apresentação G2M - Externa & SAP Forum.pptx in Resources */ = {isa = PBXBuildFile; fileRef = 865FB1891F672D95007D2A6E /* Apresentação G2M - Externa & SAP Forum.pptx */; };
		865FB1911F673F0E007D2A6E /* Apresentação G2M - Externa & SAP Forum.pdf in Resources */ = {isa = PBXBuildFile; fileRef = 865FB1901F673F0E007D2A6E /* Apresentação G2M - Externa & SAP Forum.pdf */; };
		865FB19B1F67430F007D2A6E /* Deloitte S4HANA Approach Deck_C.pdf in Resources */ = {isa = PBXBuildFile; fileRef = 865FB1961F67430F007D2A6E /* Deloitte S4HANA Approach Deck_C.pdf */; };
		865FB19C1F67430F007D2A6E /* Platform Moderenization_21082017_v3.pdf in Resources */ = {isa = PBXBuildFile; fileRef = 865FB1971F67430F007D2A6E /* Platform Moderenization_21082017_v3.pdf */; };
		865FB19D1F67430F007D2A6E /* SAP Proposal Timesaver Aug 2017 v01.pdf in Resources */ = {isa = PBXBuildFile; fileRef = 865FB1981F67430F007D2A6E /* SAP Proposal Timesaver Aug 2017 v01.pdf */; };
		865FB19E1F67430F007D2A6E /* SAP S4HANA Placemat_Aug2017 v1.pdf in Resources */ = {isa = PBXBuildFile; fileRef = 865FB1991F67430F007D2A6E /* SAP S4HANA Placemat_Aug2017 v1.pdf */; };
		865FB1A11F674324007D2A6E /* Deloitte Brazil Supply Chain Presentation NOV2016.pdf in Resources */ = {isa = PBXBuildFile; fileRef = 865FB19F1F674324007D2A6E /* Deloitte Brazil Supply Chain Presentation NOV2016.pdf */; };
		865FB1A21F674324007D2A6E /* Supply Chain Solutions - Deloitte.pdf in Resources */ = {isa = PBXBuildFile; fileRef = 865FB1A01F674324007D2A6E /* Supply Chain Solutions - Deloitte.pdf */; };
		865FB1A51F67466C007D2A6E /* Apresentação_SAP_FORUM_2017_HanaLive v8.pdf in Resources */ = {isa = PBXBuildFile; fileRef = 865FB1A31F67466C007D2A6E /* Apresentação_SAP_FORUM_2017_HanaLive v8.pdf */; };
		865FB1A61F67466C007D2A6E /* Hana_Live_Presentation.pdf in Resources */ = {isa = PBXBuildFile; fileRef = 865FB1A41F67466C007D2A6E /* Hana_Live_Presentation.pdf */; };
		865FB1AA1F676F05007D2A6E /* GoogleService-Info.plist in Resources */ = {isa = PBXBuildFile; fileRef = 865FB1A91F676F05007D2A6E /* GoogleService-Info.plist */; };
		865FB1AC1F677BF1007D2A6E /* Tech Trends 2017 Dinner in New York.mp4 in Resources */ = {isa = PBXBuildFile; fileRef = 865FB1AB1F677BF1007D2A6E /* Tech Trends 2017 Dinner in New York.mp4 */; };
		865FB1AE1F677BFA007D2A6E /* Deloitte - CIO Program_1.mp4 in Resources */ = {isa = PBXBuildFile; fileRef = 865FB1AD1F677BFA007D2A6E /* Deloitte - CIO Program_1.mp4 */; };
		865FB1B01F677C09007D2A6E /* Deloitte reimagine solution roadmap 2017.pdf in Resources */ = {isa = PBXBuildFile; fileRef = 865FB1AF1F677C09007D2A6E /* Deloitte reimagine solution roadmap 2017.pdf */; };
		86A3BACB1F57542400ABF0A0 /* AppDelegate.swift in Sources */ = {isa = PBXBuildFile; fileRef = 86A3BACA1F57542400ABF0A0 /* AppDelegate.swift */; };
		86A3BAD01F57542400ABF0A0 /* Main.storyboard in Resources */ = {isa = PBXBuildFile; fileRef = 86A3BACE1F57542400ABF0A0 /* Main.storyboard */; };
		86A3BAD31F57542400ABF0A0 /* ContentDTT.xcdatamodeld in Sources */ = {isa = PBXBuildFile; fileRef = 86A3BAD11F57542400ABF0A0 /* ContentDTT.xcdatamodeld */; };
		86A3BAD81F57542400ABF0A0 /* LaunchScreen.storyboard in Resources */ = {isa = PBXBuildFile; fileRef = 86A3BAD61F57542400ABF0A0 /* LaunchScreen.storyboard */; };
		86B302991F58AF49008F026F /* DocumentsViewController.swift in Sources */ = {isa = PBXBuildFile; fileRef = 86B302981F58AF49008F026F /* DocumentsViewController.swift */; };
		86B3029C1F58AF83008F026F /* LeadsViewController.swift in Sources */ = {isa = PBXBuildFile; fileRef = 86B3029B1F58AF83008F026F /* LeadsViewController.swift */; };
/* End PBXBuildFile section */

/* Begin PBXFileReference section */
		1E4C5BE474051FC03C402C55 /* Pods-ContentDTT.release.xcconfig */ = {isa = PBXFileReference; includeInIndex = 1; lastKnownFileType = text.xcconfig; name = "Pods-ContentDTT.release.xcconfig"; path = "Pods/Target Support Files/Pods-ContentDTT/Pods-ContentDTT.release.xcconfig"; sourceTree = "<group>"; };
		865FB1051F5D8373007D2A6E /* ViewController.swift */ = {isa = PBXFileReference; fileEncoding = 4; lastKnownFileType = sourcecode.swift; path = ViewController.swift; sourceTree = "<group>"; };
		865FB1071F5F0E58007D2A6E /* MenuViewController.swift */ = {isa = PBXFileReference; fileEncoding = 4; lastKnownFileType = sourcecode.swift; path = MenuViewController.swift; sourceTree = "<group>"; };
		865FB10F1F62DB4E007D2A6E /* NewLeadViewController.swift */ = {isa = PBXFileReference; fileEncoding = 4; lastKnownFileType = sourcecode.swift; path = NewLeadViewController.swift; sourceTree = "<group>"; };
		865FB1121F62F6DC007D2A6E /* Extensions.swift */ = {isa = PBXFileReference; fileEncoding = 4; lastKnownFileType = sourcecode.swift; path = Extensions.swift; sourceTree = "<group>"; };
		865FB1141F62F74F007D2A6E /* LeadData.swift */ = {isa = PBXFileReference; fileEncoding = 4; lastKnownFileType = sourcecode.swift; path = LeadData.swift; sourceTree = "<group>"; };
		865FB1161F62F8F9007D2A6E /* CoreDataStack.swift */ = {isa = PBXFileReference; fileEncoding = 4; lastKnownFileType = sourcecode.swift; path = CoreDataStack.swift; sourceTree = "<group>"; };
		865FB1181F65946F007D2A6E /* CellCategory.swift */ = {isa = PBXFileReference; fileEncoding = 4; lastKnownFileType = sourcecode.swift; path = CellCategory.swift; sourceTree = "<group>"; };
		865FB11A1F6597EF007D2A6E /* CellContact.swift */ = {isa = PBXFileReference; fileEncoding = 4; lastKnownFileType = sourcecode.swift; path = CellContact.swift; sourceTree = "<group>"; };
		865FB11C1F66C413007D2A6E /* Assets.xcassets */ = {isa = PBXFileReference; lastKnownFileType = folder.assetcatalog; path = Assets.xcassets; sourceTree = "<group>"; };
		865FB11F1F66C9CF007D2A6E /* sap_add.svg */ = {isa = PBXFileReference; fileEncoding = 4; lastKnownFileType = text.xml; path = sap_add.svg; sourceTree = "<group>"; };
		865FB1201F66C9CF007D2A6E /* sap_contacts.svg */ = {isa = PBXFileReference; fileEncoding = 4; lastKnownFileType = text.xml; path = sap_contacts.svg; sourceTree = "<group>"; };
		865FB1211F66C9CF007D2A6E /* sap_doc.svg */ = {isa = PBXFileReference; fileEncoding = 4; lastKnownFileType = text.xml; path = sap_doc.svg; sourceTree = "<group>"; };
		865FB1221F66C9CF007D2A6E /* sap_documentos.svg */ = {isa = PBXFileReference; fileEncoding = 4; lastKnownFileType = text.xml; path = sap_documentos.svg; sourceTree = "<group>"; };
		865FB1231F66C9CF007D2A6E /* sap_ppt.svg */ = {isa = PBXFileReference; fileEncoding = 4; lastKnownFileType = text.xml; path = sap_ppt.svg; sourceTree = "<group>"; };
		865FB1241F66C9CF007D2A6E /* sap_scan.svg */ = {isa = PBXFileReference; fileEncoding = 4; lastKnownFileType = text.xml; path = sap_scan.svg; sourceTree = "<group>"; };
		865FB1251F66C9CF007D2A6E /* sap_video.svg */ = {isa = PBXFileReference; fileEncoding = 4; lastKnownFileType = text.xml; path = sap_video.svg; sourceTree = "<group>"; };
		865FB15C1F66EF5C007D2A6E /* Deloitte - CIO Program_1.avi */ = {isa = PBXFileReference; lastKnownFileType = video.avi; path = "Deloitte - CIO Program_1.avi"; sourceTree = "<group>"; };
		865FB15D1F66EF5C007D2A6E /* Deloitte Digital - part business, part creative, part technology.mp4 */ = {isa = PBXFileReference; lastKnownFileType = file; path = "Deloitte Digital - part business, part creative, part technology.mp4"; sourceTree = "<group>"; };
		865FB15E1F66EF5C007D2A6E /* Deloitte Digitization - Tuned for the digital era af.mp4 */ = {isa = PBXFileReference; lastKnownFileType = file; path = "Deloitte Digitization - Tuned for the digital era af.mp4"; sourceTree = "<group>"; };
		865FB15F1F66EF5C007D2A6E /* Deloitte_Big Bang_FINAL - legendado.mp4 */ = {isa = PBXFileReference; lastKnownFileType = file; path = "Deloitte_Big Bang_FINAL - legendado.mp4"; sourceTree = "<group>"; };
		865FB1601F66EF5C007D2A6E /* Digital Disruption - Short fuse, big bang.mp4 */ = {isa = PBXFileReference; lastKnownFileType = file; path = "Digital Disruption - Short fuse, big bang.mp4"; sourceTree = "<group>"; };
		865FB1611F66EF5C007D2A6E /* Hackathon Deloitte 2017.mp4 */ = {isa = PBXFileReference; lastKnownFileType = file; path = "Hackathon Deloitte 2017.mp4"; sourceTree = "<group>"; };
		865FB1621F66EF5C007D2A6E /* Thumbs.db */ = {isa = PBXFileReference; lastKnownFileType = file; path = Thumbs.db; sourceTree = "<group>"; };
		865FB1641F66EF5C007D2A6E /* Apresentaá∆o_SAP_FORUM_2017_HanaLive v8.pptx */ = {isa = PBXFileReference; lastKnownFileType = file; path = "Apresentaá∆o_SAP_FORUM_2017_HanaLive v8.pptx"; sourceTree = "<group>"; };
		865FB1651F66EF5C007D2A6E /* Hana_Live_Presentation.pptx */ = {isa = PBXFileReference; lastKnownFileType = file; path = Hana_Live_Presentation.pptx; sourceTree = "<group>"; };
		865FB1671F66EF5C007D2A6E /* 4195946 SAP Hana Marking Video_6.mp4 */ = {isa = PBXFileReference; lastKnownFileType = file; path = "4195946 SAP Hana Marking Video_6.mp4"; sourceTree = "<group>"; };
		865FB1681F66EF5C007D2A6E /* Deloitte S4HANA Approach Deck_C.pptx */ = {isa = PBXFileReference; lastKnownFileType = file; path = "Deloitte S4HANA Approach Deck_C.pptx"; sourceTree = "<group>"; };
		865FB1691F66EF5C007D2A6E /* Platform Moderenization_21082017_v3.pptx */ = {isa = PBXFileReference; lastKnownFileType = file; path = "Platform Moderenization_21082017_v3.pptx"; sourceTree = "<group>"; };
		865FB16A1F66EF5C007D2A6E /* SAP Proposal Timesaver Aug 2017 v01.pptx */ = {isa = PBXFileReference; lastKnownFileType = file; path = "SAP Proposal Timesaver Aug 2017 v01.pptx"; sourceTree = "<group>"; };
		865FB16B1F66EF5C007D2A6E /* SAP S4HANA Placemat_Aug2017 v1.pptx */ = {isa = PBXFileReference; lastKnownFileType = file; path = "SAP S4HANA Placemat_Aug2017 v1.pptx"; sourceTree = "<group>"; };
		865FB16C1F66EF5C007D2A6E /* The Successor to Today's ERP.pdf */ = {isa = PBXFileReference; lastKnownFileType = image.pdf; path = "The Successor to Today's ERP.pdf"; sourceTree = "<group>"; };
		865FB16D1F66EF5C007D2A6E /* Thumbs.db */ = {isa = PBXFileReference; lastKnownFileType = file; path = Thumbs.db; sourceTree = "<group>"; };
		865FB1701F66EF5C007D2A6E /* Deloitte Brazil Supply Chain Presentation NOV2016.pptx */ = {isa = PBXFileReference; lastKnownFileType = file; path = "Deloitte Brazil Supply Chain Presentation NOV2016.pptx"; sourceTree = "<group>"; };
		865FB1711F66EF5C007D2A6E /* Supply Chain Solutions - Deloitte.pptx */ = {isa = PBXFileReference; lastKnownFileType = file; path = "Supply Chain Solutions - Deloitte.pptx"; sourceTree = "<group>"; };
		865FB1731F66EF5C007D2A6E /* DUP_TechTrends2017.pdf */ = {isa = PBXFileReference; lastKnownFileType = image.pdf; path = DUP_TechTrends2017.pdf; sourceTree = "<group>"; };
		865FB1871F66F573007D2A6E /* DocumentsDetailViewController.swift */ = {isa = PBXFileReference; fileEncoding = 4; lastKnownFileType = sourcecode.swift; path = DocumentsDetailViewController.swift; sourceTree = "<group>"; };
		865FB1891F672D95007D2A6E /* Apresentação G2M - Externa & SAP Forum.pptx */ = {isa = PBXFileReference; lastKnownFileType = file; path = "Apresentação G2M - Externa & SAP Forum.pptx"; sourceTree = "<group>"; };
		865FB18B1F673980007D2A6E /* Apresentação G2M - Externa & SAP Forum.pdf */ = {isa = PBXFileReference; lastKnownFileType = image.pdf; path = "Apresentação G2M - Externa & SAP Forum.pdf"; sourceTree = "<group>"; };
		865FB1901F673F0E007D2A6E /* Apresentação G2M - Externa & SAP Forum.pdf */ = {isa = PBXFileReference; lastKnownFileType = image.pdf; name = "Apresentação G2M - Externa & SAP Forum.pdf"; path = "ContentDTT/CONTEUDO/SUPPLY CHAIN/Apresentação G2M - Externa & SAP Forum.pdf"; sourceTree = "<group>"; };
		865FB1961F67430F007D2A6E /* Deloitte S4HANA Approach Deck_C.pdf */ = {isa = PBXFileReference; lastKnownFileType = image.pdf; name = "Deloitte S4HANA Approach Deck_C.pdf"; path = "ContentDTT/CONTEUDO/S4HANA/Deloitte S4HANA Approach Deck_C.pdf"; sourceTree = "<group>"; };
		865FB1971F67430F007D2A6E /* Platform Moderenization_21082017_v3.pdf */ = {isa = PBXFileReference; lastKnownFileType = image.pdf; name = "Platform Moderenization_21082017_v3.pdf"; path = "ContentDTT/CONTEUDO/S4HANA/Platform Moderenization_21082017_v3.pdf"; sourceTree = "<group>"; };
		865FB1981F67430F007D2A6E /* SAP Proposal Timesaver Aug 2017 v01.pdf */ = {isa = PBXFileReference; lastKnownFileType = image.pdf; name = "SAP Proposal Timesaver Aug 2017 v01.pdf"; path = "ContentDTT/CONTEUDO/S4HANA/SAP Proposal Timesaver Aug 2017 v01.pdf"; sourceTree = "<group>"; };
		865FB1991F67430F007D2A6E /* SAP S4HANA Placemat_Aug2017 v1.pdf */ = {isa = PBXFileReference; lastKnownFileType = image.pdf; name = "SAP S4HANA Placemat_Aug2017 v1.pdf"; path = "ContentDTT/CONTEUDO/S4HANA/SAP S4HANA Placemat_Aug2017 v1.pdf"; sourceTree = "<group>"; };
		865FB19A1F67430F007D2A6E /* The Successor to Today's ERP.pdf */ = {isa = PBXFileReference; lastKnownFileType = image.pdf; name = "The Successor to Today's ERP.pdf"; path = "ContentDTT/CONTEUDO/S4HANA/The Successor to Today's ERP.pdf"; sourceTree = "<group>"; };
		865FB19F1F674324007D2A6E /* Deloitte Brazil Supply Chain Presentation NOV2016.pdf */ = {isa = PBXFileReference; lastKnownFileType = image.pdf; name = "Deloitte Brazil Supply Chain Presentation NOV2016.pdf"; path = "ContentDTT/CONTEUDO/SUPPLY CHAIN/Deloitte Brazil Supply Chain Presentation NOV2016.pdf"; sourceTree = "<group>"; };
		865FB1A01F674324007D2A6E /* Supply Chain Solutions - Deloitte.pdf */ = {isa = PBXFileReference; lastKnownFileType = image.pdf; name = "Supply Chain Solutions - Deloitte.pdf"; path = "ContentDTT/CONTEUDO/SUPPLY CHAIN/Supply Chain Solutions - Deloitte.pdf"; sourceTree = "<group>"; };
		865FB1A31F67466C007D2A6E /* Apresentação_SAP_FORUM_2017_HanaLive v8.pdf */ = {isa = PBXFileReference; lastKnownFileType = image.pdf; name = "Apresentação_SAP_FORUM_2017_HanaLive v8.pdf"; path = "ContentDTT/CONTEUDO/HANA LIVE E INTEGRAÄ«O/Apresentação_SAP_FORUM_2017_HanaLive v8.pdf"; sourceTree = "<group>"; };
		865FB1A41F67466C007D2A6E /* Hana_Live_Presentation.pdf */ = {isa = PBXFileReference; lastKnownFileType = image.pdf; name = Hana_Live_Presentation.pdf; path = "ContentDTT/CONTEUDO/HANA LIVE E INTEGRAÄ«O/Hana_Live_Presentation.pdf"; sourceTree = "<group>"; };
		865FB1A91F676F05007D2A6E /* GoogleService-Info.plist */ = {isa = PBXFileReference; fileEncoding = 4; lastKnownFileType = text.plist.xml; path = "GoogleService-Info.plist"; sourceTree = SOURCE_ROOT; };
		865FB1AB1F677BF1007D2A6E /* Tech Trends 2017 Dinner in New York.mp4 */ = {isa = PBXFileReference; lastKnownFileType = file; name = "Tech Trends 2017 Dinner in New York.mp4"; path = "ContentDTT/CONTEUDO/TECHTRENDs/Tech Trends 2017 Dinner in New York.mp4"; sourceTree = "<group>"; };
		865FB1AD1F677BFA007D2A6E /* Deloitte - CIO Program_1.mp4 */ = {isa = PBXFileReference; lastKnownFileType = file; name = "Deloitte - CIO Program_1.mp4"; path = "ContentDTT/CONTEUDO/DIGITAL/Deloitte - CIO Program_1.mp4"; sourceTree = "<group>"; };
		865FB1AF1F677C09007D2A6E /* Deloitte reimagine solution roadmap 2017.pdf */ = {isa = PBXFileReference; lastKnownFileType = image.pdf; name = "Deloitte reimagine solution roadmap 2017.pdf"; path = "ContentDTT/CONTEUDO/DIGITAL/Deloitte reimagine solution roadmap 2017.pdf"; sourceTree = "<group>"; };
		86A3BAC71F57542400ABF0A0 /* ContentDTT.app */ = {isa = PBXFileReference; explicitFileType = wrapper.application; includeInIndex = 0; path = ContentDTT.app; sourceTree = BUILT_PRODUCTS_DIR; };
		86A3BACA1F57542400ABF0A0 /* AppDelegate.swift */ = {isa = PBXFileReference; lastKnownFileType = sourcecode.swift; path = AppDelegate.swift; sourceTree = "<group>"; };
		86A3BACF1F57542400ABF0A0 /* Base */ = {isa = PBXFileReference; lastKnownFileType = file.storyboard; name = Base; path = Base.lproj/Main.storyboard; sourceTree = "<group>"; };
		86A3BAD21F57542400ABF0A0 /* ContentDTT.xcdatamodel */ = {isa = PBXFileReference; lastKnownFileType = wrapper.xcdatamodel; path = ContentDTT.xcdatamodel; sourceTree = "<group>"; };
		86A3BAD71F57542400ABF0A0 /* Base */ = {isa = PBXFileReference; lastKnownFileType = file.storyboard; name = Base; path = Base.lproj/LaunchScreen.storyboard; sourceTree = "<group>"; };
		86A3BAD91F57542400ABF0A0 /* Info.plist */ = {isa = PBXFileReference; lastKnownFileType = text.plist.xml; path = Info.plist; sourceTree = "<group>"; };
		86B302981F58AF49008F026F /* DocumentsViewController.swift */ = {isa = PBXFileReference; fileEncoding = 4; lastKnownFileType = sourcecode.swift; path = DocumentsViewController.swift; sourceTree = "<group>"; };
		86B3029B1F58AF83008F026F /* LeadsViewController.swift */ = {isa = PBXFileReference; fileEncoding = 4; lastKnownFileType = sourcecode.swift; path = LeadsViewController.swift; sourceTree = "<group>"; };
		B52EE7A706735023837B3B52 /* Pods_ContentDTT.framework */ = {isa = PBXFileReference; explicitFileType = wrapper.framework; includeInIndex = 0; path = Pods_ContentDTT.framework; sourceTree = BUILT_PRODUCTS_DIR; };
		D11A314C89D69D05D3D2A216 /* Pods-ContentDTT.debug.xcconfig */ = {isa = PBXFileReference; includeInIndex = 1; lastKnownFileType = text.xcconfig; name = "Pods-ContentDTT.debug.xcconfig"; path = "Pods/Target Support Files/Pods-ContentDTT/Pods-ContentDTT.debug.xcconfig"; sourceTree = "<group>"; };
/* End PBXFileReference section */

/* Begin PBXFrameworksBuildPhase section */
		86A3BAC41F57542400ABF0A0 /* Frameworks */ = {
			isa = PBXFrameworksBuildPhase;
			buildActionMask = 2147483647;
			files = (
				2B4E02716C466C9C5D21AF62 /* Pods_ContentDTT.framework in Frameworks */,
			);
			runOnlyForDeploymentPostprocessing = 0;
		};
/* End PBXFrameworksBuildPhase section */

/* Begin PBXGroup section */
		00BD6E1B56E0A595EEA3D47D /* Pods */ = {
			isa = PBXGroup;
			children = (
				D11A314C89D69D05D3D2A216 /* Pods-ContentDTT.debug.xcconfig */,
				1E4C5BE474051FC03C402C55 /* Pods-ContentDTT.release.xcconfig */,
			);
			name = Pods;
			sourceTree = "<group>";
		};
		4C59F380173D491DDD0E7B24 /* Frameworks */ = {
			isa = PBXGroup;
			children = (
				B52EE7A706735023837B3B52 /* Pods_ContentDTT.framework */,
			);
			name = Frameworks;
			sourceTree = "<group>";
		};
		865FB1111F62F6A5007D2A6E /* Common */ = {
			isa = PBXGroup;
			children = (
				865FB1121F62F6DC007D2A6E /* Extensions.swift */,
				865FB1161F62F8F9007D2A6E /* CoreDataStack.swift */,
			);
			name = Common;
			sourceTree = "<group>";
		};
		865FB11E1F66C9CF007D2A6E /* images */ = {
			isa = PBXGroup;
			children = (
				865FB11F1F66C9CF007D2A6E /* sap_add.svg */,
				865FB1201F66C9CF007D2A6E /* sap_contacts.svg */,
				865FB1211F66C9CF007D2A6E /* sap_doc.svg */,
				865FB1221F66C9CF007D2A6E /* sap_documentos.svg */,
				865FB1231F66C9CF007D2A6E /* sap_ppt.svg */,
				865FB1241F66C9CF007D2A6E /* sap_scan.svg */,
				865FB1251F66C9CF007D2A6E /* sap_video.svg */,
			);
			path = images;
			sourceTree = "<group>";
		};
		865FB15A1F66EF5C007D2A6E /* CONTEUDO */ = {
			isa = PBXGroup;
			children = (
				865FB15B1F66EF5C007D2A6E /* DIGITAL */,
				865FB1631F66EF5C007D2A6E /* HANA LIVE E INTEGRAÄ«O */,
				865FB1661F66EF5C007D2A6E /* S4HANA */,
				865FB16E1F66EF5C007D2A6E /* SAP LEONARDO */,
				865FB16F1F66EF5C007D2A6E /* SUPPLY CHAIN */,
				865FB1721F66EF5C007D2A6E /* TECHTRENDs */,
			);
			path = CONTEUDO;
			sourceTree = "<group>";
		};
		865FB15B1F66EF5C007D2A6E /* DIGITAL */ = {
			isa = PBXGroup;
			children = (
				865FB15C1F66EF5C007D2A6E /* Deloitte - CIO Program_1.avi */,
				865FB15D1F66EF5C007D2A6E /* Deloitte Digital - part business, part creative, part technology.mp4 */,
				865FB15E1F66EF5C007D2A6E /* Deloitte Digitization - Tuned for the digital era af.mp4 */,
				865FB15F1F66EF5C007D2A6E /* Deloitte_Big Bang_FINAL - legendado.mp4 */,
				865FB1601F66EF5C007D2A6E /* Digital Disruption - Short fuse, big bang.mp4 */,
				865FB1611F66EF5C007D2A6E /* Hackathon Deloitte 2017.mp4 */,
				865FB1621F66EF5C007D2A6E /* Thumbs.db */,
			);
			path = DIGITAL;
			sourceTree = "<group>";
		};
		865FB1631F66EF5C007D2A6E /* HANA LIVE E INTEGRAÄ«O */ = {
			isa = PBXGroup;
			children = (
				865FB1641F66EF5C007D2A6E /* Apresentaá∆o_SAP_FORUM_2017_HanaLive v8.pptx */,
				865FB1651F66EF5C007D2A6E /* Hana_Live_Presentation.pptx */,
			);
			path = "HANA LIVE E INTEGRAÄ«O";
			sourceTree = "<group>";
		};
		865FB1661F66EF5C007D2A6E /* S4HANA */ = {
			isa = PBXGroup;
			children = (
				865FB1671F66EF5C007D2A6E /* 4195946 SAP Hana Marking Video_6.mp4 */,
				865FB1681F66EF5C007D2A6E /* Deloitte S4HANA Approach Deck_C.pptx */,
				865FB1691F66EF5C007D2A6E /* Platform Moderenization_21082017_v3.pptx */,
				865FB16A1F66EF5C007D2A6E /* SAP Proposal Timesaver Aug 2017 v01.pptx */,
				865FB16B1F66EF5C007D2A6E /* SAP S4HANA Placemat_Aug2017 v1.pptx */,
				865FB16C1F66EF5C007D2A6E /* The Successor to Today's ERP.pdf */,
				865FB16D1F66EF5C007D2A6E /* Thumbs.db */,
			);
			path = S4HANA;
			sourceTree = "<group>";
		};
		865FB16E1F66EF5C007D2A6E /* SAP LEONARDO */ = {
			isa = PBXGroup;
			children = (
			);
			path = "SAP LEONARDO";
			sourceTree = "<group>";
		};
		865FB16F1F66EF5C007D2A6E /* SUPPLY CHAIN */ = {
			isa = PBXGroup;
			children = (
				865FB18B1F673980007D2A6E /* Apresentação G2M - Externa & SAP Forum.pdf */,
				865FB1891F672D95007D2A6E /* Apresentação G2M - Externa & SAP Forum.pptx */,
				865FB1701F66EF5C007D2A6E /* Deloitte Brazil Supply Chain Presentation NOV2016.pptx */,
				865FB1711F66EF5C007D2A6E /* Supply Chain Solutions - Deloitte.pptx */,
			);
			path = "SUPPLY CHAIN";
			sourceTree = "<group>";
		};
		865FB1721F66EF5C007D2A6E /* TECHTRENDs */ = {
			isa = PBXGroup;
			children = (
				865FB1731F66EF5C007D2A6E /* DUP_TechTrends2017.pdf */,
			);
			path = TECHTRENDs;
			sourceTree = "<group>";
		};
		86A3BABE1F57542400ABF0A0 = {
			isa = PBXGroup;
			children = (
				865FB1AF1F677C09007D2A6E /* Deloitte reimagine solution roadmap 2017.pdf */,
				865FB1AD1F677BFA007D2A6E /* Deloitte - CIO Program_1.mp4 */,
				865FB1AB1F677BF1007D2A6E /* Tech Trends 2017 Dinner in New York.mp4 */,
				865FB1A31F67466C007D2A6E /* Apresentação_SAP_FORUM_2017_HanaLive v8.pdf */,
				865FB1A41F67466C007D2A6E /* Hana_Live_Presentation.pdf */,
				865FB19F1F674324007D2A6E /* Deloitte Brazil Supply Chain Presentation NOV2016.pdf */,
				865FB1A01F674324007D2A6E /* Supply Chain Solutions - Deloitte.pdf */,
				865FB1961F67430F007D2A6E /* Deloitte S4HANA Approach Deck_C.pdf */,
				865FB1971F67430F007D2A6E /* Platform Moderenization_21082017_v3.pdf */,
				865FB1981F67430F007D2A6E /* SAP Proposal Timesaver Aug 2017 v01.pdf */,
				865FB1991F67430F007D2A6E /* SAP S4HANA Placemat_Aug2017 v1.pdf */,
				865FB19A1F67430F007D2A6E /* The Successor to Today's ERP.pdf */,
				865FB1901F673F0E007D2A6E /* Apresentação G2M - Externa & SAP Forum.pdf */,
				86A3BAC91F57542400ABF0A0 /* ContentDTT */,
				86A3BAC81F57542400ABF0A0 /* Products */,
				00BD6E1B56E0A595EEA3D47D /* Pods */,
				4C59F380173D491DDD0E7B24 /* Frameworks */,
			);
			sourceTree = "<group>";
		};
		86A3BAC81F57542400ABF0A0 /* Products */ = {
			isa = PBXGroup;
			children = (
				86A3BAC71F57542400ABF0A0 /* ContentDTT.app */,
			);
			name = Products;
			sourceTree = "<group>";
		};
		86A3BAC91F57542400ABF0A0 /* ContentDTT */ = {
			isa = PBXGroup;
			children = (
				865FB1A91F676F05007D2A6E /* GoogleService-Info.plist */,
				865FB15A1F66EF5C007D2A6E /* CONTEUDO */,
				865FB11E1F66C9CF007D2A6E /* images */,
				865FB11C1F66C413007D2A6E /* Assets.xcassets */,
				865FB1111F62F6A5007D2A6E /* Common */,
				86B3029A1F58AF6E008F026F /* Home */,
				86B302941F58AF35008F026F /* Documents */,
				86B302951F58AF35008F026F /* Leads */,
				86A3BACA1F57542400ABF0A0 /* AppDelegate.swift */,
				86A3BACE1F57542400ABF0A0 /* Main.storyboard */,
				86A3BAD61F57542400ABF0A0 /* LaunchScreen.storyboard */,
				86A3BAD91F57542400ABF0A0 /* Info.plist */,
				86A3BAD11F57542400ABF0A0 /* ContentDTT.xcdatamodeld */,
			);
			path = ContentDTT;
			sourceTree = "<group>";
		};
		86B302941F58AF35008F026F /* Documents */ = {
			isa = PBXGroup;
			children = (
				86B302981F58AF49008F026F /* DocumentsViewController.swift */,
				865FB1181F65946F007D2A6E /* CellCategory.swift */,
				865FB1871F66F573007D2A6E /* DocumentsDetailViewController.swift */,
			);
			path = Documents;
			sourceTree = "<group>";
		};
		86B302951F58AF35008F026F /* Leads */ = {
			isa = PBXGroup;
			children = (
				86B3029B1F58AF83008F026F /* LeadsViewController.swift */,
				865FB10F1F62DB4E007D2A6E /* NewLeadViewController.swift */,
				865FB1141F62F74F007D2A6E /* LeadData.swift */,
				865FB11A1F6597EF007D2A6E /* CellContact.swift */,
			);
			path = Leads;
			sourceTree = "<group>";
		};
		86B3029A1F58AF6E008F026F /* Home */ = {
			isa = PBXGroup;
			children = (
				865FB1051F5D8373007D2A6E /* ViewController.swift */,
				865FB1071F5F0E58007D2A6E /* MenuViewController.swift */,
			);
			path = Home;
			sourceTree = "<group>";
		};
/* End PBXGroup section */

/* Begin PBXNativeTarget section */
		86A3BAC61F57542400ABF0A0 /* ContentDTT */ = {
			isa = PBXNativeTarget;
			buildConfigurationList = 86A3BADC1F57542400ABF0A0 /* Build configuration list for PBXNativeTarget "ContentDTT" */;
			buildPhases = (
				37DFA9A631118984F612D691 /* [CP] Check Pods Manifest.lock */,
				86A3BAC31F57542400ABF0A0 /* Sources */,
				86A3BAC41F57542400ABF0A0 /* Frameworks */,
				86A3BAC51F57542400ABF0A0 /* Resources */,
				97C7B745367F5BE2F019F052 /* [CP] Embed Pods Frameworks */,
				FCDB6B82869CE00D2142040D /* [CP] Copy Pods Resources */,
			);
			buildRules = (
			);
			dependencies = (
			);
			name = ContentDTT;
			productName = ContentDTT;
			productReference = 86A3BAC71F57542400ABF0A0 /* ContentDTT.app */;
			productType = "com.apple.product-type.application";
		};
/* End PBXNativeTarget section */

/* Begin PBXProject section */
		86A3BABF1F57542400ABF0A0 /* Project object */ = {
			isa = PBXProject;
			attributes = {
				LastSwiftUpdateCheck = 0830;
				LastUpgradeCheck = 0830;
				ORGANIZATIONNAME = darlandev;
				TargetAttributes = {
					86A3BAC61F57542400ABF0A0 = {
						CreatedOnToolsVersion = 8.3.2;
						DevelopmentTeam = DDE9FAS672;
						ProvisioningStyle = Automatic;
					};
				};
			};
			buildConfigurationList = 86A3BAC21F57542400ABF0A0 /* Build configuration list for PBXProject "ContentDTT" */;
			compatibilityVersion = "Xcode 3.2";
			developmentRegion = English;
			hasScannedForEncodings = 0;
			knownRegions = (
				en,
				Base,
			);
			mainGroup = 86A3BABE1F57542400ABF0A0;
			productRefGroup = 86A3BAC81F57542400ABF0A0 /* Products */;
			projectDirPath = "";
			projectRoot = "";
			targets = (
				86A3BAC61F57542400ABF0A0 /* ContentDTT */,
			);
		};
/* End PBXProject section */

/* Begin PBXResourcesBuildPhase section */
		86A3BAC51F57542400ABF0A0 /* Resources */ = {
			isa = PBXResourcesBuildPhase;
			buildActionMask = 2147483647;
			files = (
				865FB1B01F677C09007D2A6E /* Deloitte reimagine solution roadmap 2017.pdf in Resources */,
				865FB1911F673F0E007D2A6E /* Apresentação G2M - Externa & SAP Forum.pdf in Resources */,
				865FB1AE1F677BFA007D2A6E /* Deloitte - CIO Program_1.mp4 in Resources */,
				865FB1AC1F677BF1007D2A6E /* Tech Trends 2017 Dinner in New York.mp4 in Resources */,
				865FB18A1F672EFC007D2A6E /* Apresentação G2M - Externa & SAP Forum.pptx in Resources */,
				865FB1751F66EF5C007D2A6E /* Deloitte Digital - part business, part creative, part technology.mp4 in Resources */,
				865FB1A11F674324007D2A6E /* Deloitte Brazil Supply Chain Presentation NOV2016.pdf in Resources */,
				865FB1A21F674324007D2A6E /* Supply Chain Solutions - Deloitte.pdf in Resources */,
				865FB12A1F66C9CF007D2A6E /* sap_ppt.svg in Resources */,
				86A3BAD81F57542400ABF0A0 /* LaunchScreen.storyboard in Resources */,
				865FB12B1F66C9CF007D2A6E /* sap_scan.svg in Resources */,
				865FB1831F66EF5C007D2A6E /* Thumbs.db in Resources */,
				865FB1261F66C9CF007D2A6E /* sap_add.svg in Resources */,
				865FB1781F66EF5C007D2A6E /* Digital Disruption - Short fuse, big bang.mp4 in Resources */,
				865FB1281F66C9CF007D2A6E /* sap_doc.svg in Resources */,
				865FB11D1F66C413007D2A6E /* Assets.xcassets in Resources */,
				865FB17B1F66EF5C007D2A6E /* Apresentaá∆o_SAP_FORUM_2017_HanaLive v8.pptx in Resources */,
				865FB1811F66EF5C007D2A6E /* SAP S4HANA Placemat_Aug2017 v1.pptx in Resources */,
				865FB1291F66C9CF007D2A6E /* sap_documentos.svg in Resources */,
				865FB1761F66EF5C007D2A6E /* Deloitte Digitization - Tuned for the digital era af.mp4 in Resources */,
				865FB1AA1F676F05007D2A6E /* GoogleService-Info.plist in Resources */,
				865FB19B1F67430F007D2A6E /* Deloitte S4HANA Approach Deck_C.pdf in Resources */,
				865FB19C1F67430F007D2A6E /* Platform Moderenization_21082017_v3.pdf in Resources */,
				865FB19D1F67430F007D2A6E /* SAP Proposal Timesaver Aug 2017 v01.pdf in Resources */,
				865FB19E1F67430F007D2A6E /* SAP S4HANA Placemat_Aug2017 v1.pdf in Resources */,
				865FB1821F66EF5C007D2A6E /* The Successor to Today's ERP.pdf in Resources */,
				865FB17E1F66EF5C007D2A6E /* Deloitte S4HANA Approach Deck_C.pptx in Resources */,
				865FB12C1F66C9CF007D2A6E /* sap_video.svg in Resources */,
				865FB1A51F67466C007D2A6E /* Apresentação_SAP_FORUM_2017_HanaLive v8.pdf in Resources */,
				865FB1A61F67466C007D2A6E /* Hana_Live_Presentation.pdf in Resources */,
				865FB1271F66C9CF007D2A6E /* sap_contacts.svg in Resources */,
				865FB1801F66EF5C007D2A6E /* SAP Proposal Timesaver Aug 2017 v01.pptx in Resources */,
				865FB17C1F66EF5C007D2A6E /* Hana_Live_Presentation.pptx in Resources */,
				865FB17F1F66EF5C007D2A6E /* Platform Moderenization_21082017_v3.pptx in Resources */,
				865FB17A1F66EF5C007D2A6E /* Thumbs.db in Resources */,
				865FB1841F66EF5C007D2A6E /* Deloitte Brazil Supply Chain Presentation NOV2016.pptx in Resources */,
				865FB1771F66EF5C007D2A6E /* Deloitte_Big Bang_FINAL - legendado.mp4 in Resources */,
				865FB1861F66EF5C007D2A6E /* DUP_TechTrends2017.pdf in Resources */,
				86A3BAD01F57542400ABF0A0 /* Main.storyboard in Resources */,
				865FB1851F66EF5C007D2A6E /* Supply Chain Solutions - Deloitte.pptx in Resources */,
				865FB1741F66EF5C007D2A6E /* Deloitte - CIO Program_1.avi in Resources */,
				865FB17D1F66EF5C007D2A6E /* 4195946 SAP Hana Marking Video_6.mp4 in Resources */,
				865FB1791F66EF5C007D2A6E /* Hackathon Deloitte 2017.mp4 in Resources */,
			);
			runOnlyForDeploymentPostprocessing = 0;
		};
/* End PBXResourcesBuildPhase section */

/* Begin PBXShellScriptBuildPhase section */
		37DFA9A631118984F612D691 /* [CP] Check Pods Manifest.lock */ = {
			isa = PBXShellScriptBuildPhase;
			buildActionMask = 2147483647;
			files = (
			);
			inputPaths = (
			);
			name = "[CP] Check Pods Manifest.lock";
			outputPaths = (
			);
			runOnlyForDeploymentPostprocessing = 0;
			shellPath = /bin/sh;
			shellScript = "diff \"${PODS_PODFILE_DIR_PATH}/Podfile.lock\" \"${PODS_ROOT}/Manifest.lock\" > /dev/null\nif [ $? != 0 ] ; then\n    # print error to STDERR\n    echo \"error: The sandbox is not in sync with the Podfile.lock. Run 'pod install' or update your CocoaPods installation.\" >&2\n    exit 1\nfi\n";
			showEnvVarsInLog = 0;
		};
		97C7B745367F5BE2F019F052 /* [CP] Embed Pods Frameworks */ = {
			isa = PBXShellScriptBuildPhase;
			buildActionMask = 2147483647;
			files = (
			);
			inputPaths = (
			);
			name = "[CP] Embed Pods Frameworks";
			outputPaths = (
			);
			runOnlyForDeploymentPostprocessing = 0;
			shellPath = /bin/sh;
			shellScript = "\"${SRCROOT}/Pods/Target Support Files/Pods-ContentDTT/Pods-ContentDTT-frameworks.sh\"\n";
			showEnvVarsInLog = 0;
		};
		FCDB6B82869CE00D2142040D /* [CP] Copy Pods Resources */ = {
			isa = PBXShellScriptBuildPhase;
			buildActionMask = 2147483647;
			files = (
			);
			inputPaths = (
			);
			name = "[CP] Copy Pods Resources";
			outputPaths = (
			);
			runOnlyForDeploymentPostprocessing = 0;
			shellPath = /bin/sh;
			shellScript = "\"${SRCROOT}/Pods/Target Support Files/Pods-ContentDTT/Pods-ContentDTT-resources.sh\"\n";
			showEnvVarsInLog = 0;
		};
/* End PBXShellScriptBuildPhase section */

/* Begin PBXSourcesBuildPhase section */
		86A3BAC31F57542400ABF0A0 /* Sources */ = {
			isa = PBXSourcesBuildPhase;
			buildActionMask = 2147483647;
			files = (
				865FB1061F5D8373007D2A6E /* ViewController.swift in Sources */,
				865FB1191F65946F007D2A6E /* CellCategory.swift in Sources */,
				865FB1081F5F0E58007D2A6E /* MenuViewController.swift in Sources */,
				865FB1881F66F573007D2A6E /* DocumentsDetailViewController.swift in Sources */,
				865FB1151F62F74F007D2A6E /* LeadData.swift in Sources */,
				865FB11B1F6597EF007D2A6E /* CellContact.swift in Sources */,
				86A3BAD31F57542400ABF0A0 /* ContentDTT.xcdatamodeld in Sources */,
				865FB1131F62F6DC007D2A6E /* Extensions.swift in Sources */,
				865FB1171F62F8F9007D2A6E /* CoreDataStack.swift in Sources */,
				86B302991F58AF49008F026F /* DocumentsViewController.swift in Sources */,
				86B3029C1F58AF83008F026F /* LeadsViewController.swift in Sources */,
				86A3BACB1F57542400ABF0A0 /* AppDelegate.swift in Sources */,
				865FB1101F62DB4E007D2A6E /* NewLeadViewController.swift in Sources */,
			);
			runOnlyForDeploymentPostprocessing = 0;
		};
/* End PBXSourcesBuildPhase section */

/* Begin PBXVariantGroup section */
		86A3BACE1F57542400ABF0A0 /* Main.storyboard */ = {
			isa = PBXVariantGroup;
			children = (
				86A3BACF1F57542400ABF0A0 /* Base */,
			);
			name = Main.storyboard;
			sourceTree = "<group>";
		};
		86A3BAD61F57542400ABF0A0 /* LaunchScreen.storyboard */ = {
			isa = PBXVariantGroup;
			children = (
				86A3BAD71F57542400ABF0A0 /* Base */,
			);
			name = LaunchScreen.storyboard;
			sourceTree = "<group>";
		};
/* End PBXVariantGroup section */

/* Begin XCBuildConfiguration section */
		86A3BADA1F57542400ABF0A0 /* Debug */ = {
			isa = XCBuildConfiguration;
			buildSettings = {
				ALWAYS_SEARCH_USER_PATHS = NO;
				CLANG_ANALYZER_NONNULL = YES;
				CLANG_ANALYZER_NUMBER_OBJECT_CONVERSION = YES_AGGRESSIVE;
				CLANG_CXX_LANGUAGE_STANDARD = "gnu++0x";
				CLANG_CXX_LIBRARY = "libc++";
				CLANG_ENABLE_MODULES = YES;
				CLANG_ENABLE_OBJC_ARC = YES;
				CLANG_WARN_BOOL_CONVERSION = YES;
				CLANG_WARN_CONSTANT_CONVERSION = YES;
				CLANG_WARN_DIRECT_OBJC_ISA_USAGE = YES_ERROR;
				CLANG_WARN_DOCUMENTATION_COMMENTS = YES;
				CLANG_WARN_EMPTY_BODY = YES;
				CLANG_WARN_ENUM_CONVERSION = YES;
				CLANG_WARN_INFINITE_RECURSION = YES;
				CLANG_WARN_INT_CONVERSION = YES;
				CLANG_WARN_OBJC_ROOT_CLASS = YES_ERROR;
				CLANG_WARN_SUSPICIOUS_MOVE = YES;
				CLANG_WARN_UNREACHABLE_CODE = YES;
				CLANG_WARN__DUPLICATE_METHOD_MATCH = YES;
				"CODE_SIGN_IDENTITY[sdk=iphoneos*]" = "iPhone Developer";
				COPY_PHASE_STRIP = NO;
				DEBUG_INFORMATION_FORMAT = dwarf;
				ENABLE_BITCODE = NO;
				ENABLE_STRICT_OBJC_MSGSEND = YES;
				ENABLE_TESTABILITY = YES;
				GCC_C_LANGUAGE_STANDARD = gnu99;
				GCC_DYNAMIC_NO_PIC = NO;
				GCC_NO_COMMON_BLOCKS = YES;
				GCC_OPTIMIZATION_LEVEL = 0;
				GCC_PREPROCESSOR_DEFINITIONS = (
					"DEBUG=1",
					"$(inherited)",
				);
				GCC_WARN_64_TO_32_BIT_CONVERSION = YES;
				GCC_WARN_ABOUT_RETURN_TYPE = YES_ERROR;
				GCC_WARN_UNDECLARED_SELECTOR = YES;
				GCC_WARN_UNINITIALIZED_AUTOS = YES_AGGRESSIVE;
				GCC_WARN_UNUSED_FUNCTION = YES;
				GCC_WARN_UNUSED_VARIABLE = YES;
				IPHONEOS_DEPLOYMENT_TARGET = 10.3;
				MTL_ENABLE_DEBUG_INFO = YES;
				ONLY_ACTIVE_ARCH = YES;
				SDKROOT = iphoneos;
				SWIFT_ACTIVE_COMPILATION_CONDITIONS = DEBUG;
				SWIFT_OPTIMIZATION_LEVEL = "-Onone";
				TARGETED_DEVICE_FAMILY = "1,2";
			};
			name = Debug;
		};
		86A3BADB1F57542400ABF0A0 /* Release */ = {
			isa = XCBuildConfiguration;
			buildSettings = {
				ALWAYS_SEARCH_USER_PATHS = NO;
				CLANG_ANALYZER_NONNULL = YES;
				CLANG_ANALYZER_NUMBER_OBJECT_CONVERSION = YES_AGGRESSIVE;
				CLANG_CXX_LANGUAGE_STANDARD = "gnu++0x";
				CLANG_CXX_LIBRARY = "libc++";
				CLANG_ENABLE_MODULES = YES;
				CLANG_ENABLE_OBJC_ARC = YES;
				CLANG_WARN_BOOL_CONVERSION = YES;
				CLANG_WARN_CONSTANT_CONVERSION = YES;
				CLANG_WARN_DIRECT_OBJC_ISA_USAGE = YES_ERROR;
				CLANG_WARN_DOCUMENTATION_COMMENTS = YES;
				CLANG_WARN_EMPTY_BODY = YES;
				CLANG_WARN_ENUM_CONVERSION = YES;
				CLANG_WARN_INFINITE_RECURSION = YES;
				CLANG_WARN_INT_CONVERSION = YES;
				CLANG_WARN_OBJC_ROOT_CLASS = YES_ERROR;
				CLANG_WARN_SUSPICIOUS_MOVE = YES;
				CLANG_WARN_UNREACHABLE_CODE = YES;
				CLANG_WARN__DUPLICATE_METHOD_MATCH = YES;
				"CODE_SIGN_IDENTITY[sdk=iphoneos*]" = "iPhone Developer";
				COPY_PHASE_STRIP = NO;
				DEBUG_INFORMATION_FORMAT = "dwarf-with-dsym";
				ENABLE_BITCODE = NO;
				ENABLE_NS_ASSERTIONS = NO;
				ENABLE_STRICT_OBJC_MSGSEND = YES;
				GCC_C_LANGUAGE_STANDARD = gnu99;
				GCC_NO_COMMON_BLOCKS = YES;
				GCC_WARN_64_TO_32_BIT_CONVERSION = YES;
				GCC_WARN_ABOUT_RETURN_TYPE = YES_ERROR;
				GCC_WARN_UNDECLARED_SELECTOR = YES;
				GCC_WARN_UNINITIALIZED_AUTOS = YES_AGGRESSIVE;
				GCC_WARN_UNUSED_FUNCTION = YES;
				GCC_WARN_UNUSED_VARIABLE = YES;
				IPHONEOS_DEPLOYMENT_TARGET = 10.3;
				MTL_ENABLE_DEBUG_INFO = NO;
				SDKROOT = iphoneos;
				SWIFT_OPTIMIZATION_LEVEL = "-Owholemodule";
				TARGETED_DEVICE_FAMILY = "1,2";
				VALIDATE_PRODUCT = YES;
			};
			name = Release;
		};
		86A3BADD1F57542400ABF0A0 /* Debug */ = {
			isa = XCBuildConfiguration;
			baseConfigurationReference = D11A314C89D69D05D3D2A216 /* Pods-ContentDTT.debug.xcconfig */;
			buildSettings = {
				ASSETCATALOG_COMPILER_APPICON_NAME = AppIcon;
				DEVELOPMENT_TEAM = DDE9FAS672;
				ENABLE_BITCODE = NO;
				INFOPLIST_FILE = ContentDTT/Info.plist;
				IPHONEOS_DEPLOYMENT_TARGET = 10.3;
				LD_RUNPATH_SEARCH_PATHS = "$(inherited) @executable_path/Frameworks";
				PRODUCT_BUNDLE_IDENTIFIER = br.com.darlandev.ContentDTT;
				PRODUCT_NAME = "$(TARGET_NAME)";
				SWIFT_VERSION = 3.0;
			};
			name = Debug;
		};
		86A3BADE1F57542400ABF0A0 /* Release */ = {
			isa = XCBuildConfiguration;
			baseConfigurationReference = 1E4C5BE474051FC03C402C55 /* Pods-ContentDTT.release.xcconfig */;
			buildSettings = {
				ASSETCATALOG_COMPILER_APPICON_NAME = AppIcon;
				DEVELOPMENT_TEAM = DDE9FAS672;
				ENABLE_BITCODE = NO;
				INFOPLIST_FILE = ContentDTT/Info.plist;
				IPHONEOS_DEPLOYMENT_TARGET = 10.3;
				LD_RUNPATH_SEARCH_PATHS = "$(inherited) @executable_path/Frameworks";
				PRODUCT_BUNDLE_IDENTIFIER = br.com.darlandev.ContentDTT;
				PRODUCT_NAME = "$(TARGET_NAME)";
				SWIFT_VERSION = 3.0;
			};
			name = Release;
		};
/* End XCBuildConfiguration section */

/* Begin XCConfigurationList section */
		86A3BAC21F57542400ABF0A0 /* Build configuration list for PBXProject "ContentDTT" */ = {
			isa = XCConfigurationList;
			buildConfigurations = (
				86A3BADA1F57542400ABF0A0 /* Debug */,
				86A3BADB1F57542400ABF0A0 /* Release */,
			);
			defaultConfigurationIsVisible = 0;
			defaultConfigurationName = Release;
		};
		86A3BADC1F57542400ABF0A0 /* Build configuration list for PBXNativeTarget "ContentDTT" */ = {
			isa = XCConfigurationList;
			buildConfigurations = (
				86A3BADD1F57542400ABF0A0 /* Debug */,
				86A3BADE1F57542400ABF0A0 /* Release */,
			);
			defaultConfigurationIsVisible = 0;
			defaultConfigurationName = Release;
		};
/* End XCConfigurationList section */

/* Begin XCVersionGroup section */
		86A3BAD11F57542400ABF0A0 /* ContentDTT.xcdatamodeld */ = {
			isa = XCVersionGroup;
			children = (
				86A3BAD21F57542400ABF0A0 /* ContentDTT.xcdatamodel */,
			);
			currentVersion = 86A3BAD21F57542400ABF0A0 /* ContentDTT.xcdatamodel */;
			path = ContentDTT.xcdatamodeld;
			sourceTree = "<group>";
			versionGroupType = wrapper.xcdatamodel;
		};
/* End XCVersionGroup section */
	};
	rootObject = 86A3BABF1F57542400ABF0A0 /* Project object */;
}
